
Microsoft Visual Studio Solution File, Format Version 12.00
# Visual Studio Version 17
VisualStudioVersion = 17.4.33122.133
MinimumVisualStudioVersion = 10.0.40219.1
Project("{9A19103F-16F7-4668-BE54-9A1E7A4F7556}") = "LetsGame", "LetsGame.csproj", "{688C19BE-E676-4E2A-A095-15C438AD5089}"
EndProject
Global
	GlobalSection(SolutionConfigurationPlatforms) = preSolution
		Debug|Any CPU = Debug|Any CPU
		Release|Any CPU = Release|Any CPU
	EndGlobalSection
	GlobalSection(ProjectConfigurationPlatforms) = postSolution
		{688C19BE-E676-4E2A-A095-15C438AD5089}.Debug|Any CPU.ActiveCfg = Debug|Any CPU
		{688C19BE-E676-4E2A-A095-15C438AD5089}.Debug|Any CPU.Build.0 = Debug|Any CPU
		{688C19BE-E676-4E2A-A095-15C438AD5089}.Release|Any CPU.ActiveCfg = Release|Any CPU
		{688C19BE-E676-4E2A-A095-15C438AD5089}.Release|Any CPU.Build.0 = Release|Any CPU
	EndGlobalSection
	GlobalSection(SolutionProperties) = preSolution
		HideSolutionNode = FALSE
	EndGlobalSection
	GlobalSection(ExtensibilityGlobals) = postSolution
		SolutionGuid = {73814B47-8D4F-4FF0-80A9-7A7A64B38A60}
	EndGlobalSection
EndGlobal
